
Microsoft Visual Studio Solution File, Format Version 12.00
# Visual Studio Version 17
VisualStudioVersion = 17.3.32901.215
MinimumVisualStudioVersion = 10.0.40219.1
Project("{FAE04EC0-301F-11D3-BF4B-00C04F79EFBC}") = "WebDeployment", "WebDeployment.csproj", "{D99419B4-FB23-40DB-849F-4A55473FD30F}"
EndProject
Global
	GlobalSection(SolutionConfigurationPlatforms) = preSolution
		Debug|Any CPU = Debug|Any CPU
		Release|Any CPU = Release|Any CPU
	EndGlobalSection
	GlobalSection(ProjectConfigurationPlatforms) = postSolution
		{D99419B4-FB23-40DB-849F-4A55473FD30F}.Debug|Any CPU.ActiveCfg = Debug|Any CPU
		{D99419B4-FB23-40DB-849F-4A55473FD30F}.Debug|Any CPU.Build.0 = Debug|Any CPU
		{D99419B4-FB23-40DB-849F-4A55473FD30F}.Release|Any CPU.ActiveCfg = Release|Any CPU
		{D99419B4-FB23-40DB-849F-4A55473FD30F}.Release|Any CPU.Build.0 = Release|Any CPU
	EndGlobalSection
	GlobalSection(SolutionProperties) = preSolution
		HideSolutionNode = FALSE
	EndGlobalSection
	GlobalSection(ExtensibilityGlobals) = postSolution
		SolutionGuid = {081C21E2-19B3-4A79-A9D4-8ED05A9F2B4C}
	EndGlobalSection
EndGlobal
